
Microsoft Visual Studio Solution File, Format Version 12.00
# Visual Studio 15
VisualStudioVersion = 15.0.27428.2015
MinimumVisualStudioVersion = 10.0.40219.1
Project("{FAE04EC0-301F-11D3-BF4B-00C04F79EFBC}") = "Server", "Server\Server.csproj", "{2DB56829-E147-41F3-B008-7FFE695D0AA2}"
EndProject
Global
	GlobalSection(SolutionConfigurationPlatforms) = preSolution
		Debug|Any CPU = Debug|Any CPU
		Release|Any CPU = Release|Any CPU
	EndGlobalSection
	GlobalSection(ProjectConfigurationPlatforms) = postSolution
		{2DB56829-E147-41F3-B008-7FFE695D0AA2}.Debug|Any CPU.ActiveCfg = Debug|Any CPU
		{2DB56829-E147-41F3-B008-7FFE695D0AA2}.Debug|Any CPU.Build.0 = Debug|Any CPU
		{2DB56829-E147-41F3-B008-7FFE695D0AA2}.Release|Any CPU.ActiveCfg = Release|Any CPU
		{2DB56829-E147-41F3-B008-7FFE695D0AA2}.Release|Any CPU.Build.0 = Release|Any CPU
	EndGlobalSection
	GlobalSection(SolutionProperties) = preSolution
		HideSolutionNode = FALSE
	EndGlobalSection
	GlobalSection(ExtensibilityGlobals) = postSolution
		SolutionGuid = {3FB5C3D5-C7A5-4E0E-8F20-847FD6E0FF29}
	EndGlobalSection
EndGlobal
